Microsoft Visual Studio Solution File, Format Version 12.00
# Visual Studio Version 17
VisualStudioVersion = 17.5.2.0
MinimumVisualStudioVersion = 10.0.40219.1
Project("{FAE04EC0-301F-11D3-BF4B-00C04F79EFBC}") = "ATV01", "ATV01.csproj", "{F613B1E3-8666-6661-0890-449C5BBC7143}"
EndProject
Global
	GlobalSection(SolutionConfigurationPlatforms) = preSolution
		Debug|Any CPU = Debug|Any CPU
		Release|Any CPU = Release|Any CPU
	EndGlobalSection
	GlobalSection(ProjectConfigurationPlatforms) = postSolution
		{F613B1E3-8666-6661-0890-449C5BBC7143}.Debug|Any CPU.ActiveCfg = Debug|Any CPU
		{F613B1E3-8666-6661-0890-449C5BBC7143}.Debug|Any CPU.Build.0 = Debug|Any CPU
		{F613B1E3-8666-6661-0890-449C5BBC7143}.Release|Any CPU.ActiveCfg = Release|Any CPU
		{F613B1E3-8666-6661-0890-449C5BBC7143}.Release|Any CPU.Build.0 = Release|Any CPU
	EndGlobalSection
	GlobalSection(SolutionProperties) = preSolution
		HideSolutionNode = FALSE
	EndGlobalSection
	GlobalSection(ExtensibilityGlobals) = postSolution
		SolutionGuid = {29CFAF1E-E339-4039-9FDF-C64CC9CB6167}
	EndGlobalSection
EndGlobal
